
Microsoft Visual Studio Solution File, Format Version 12.00
Project("{FAE04EC0-301F-11D3-BF4B-00C04F79EFBC}") = "ModernCaching", "ModernCaching\ModernCaching.csproj", "{BA57EC87-C960-4D27-9A9B-CAD01D0082C2}"
EndProject
Project("{FAE04EC0-301F-11D3-BF4B-00C04F79EFBC}") = "ModernCaching.UTest", "ModernCaching.UTest\ModernCaching.UTest.csproj", "{338158B4-8269-4686-BF11-967DFA791853}"
EndProject
Global
	GlobalSection(SolutionConfigurationPlatforms) = preSolution
		Debug|Any CPU = Debug|Any CPU
		Release|Any CPU = Release|Any CPU
	EndGlobalSection
	GlobalSection(ProjectConfigurationPlatforms) = postSolution
		{BA57EC87-C960-4D27-9A9B-CAD01D0082C2}.Debug|Any CPU.ActiveCfg = Debug|Any CPU
		{BA57EC87-C960-4D27-9A9B-CAD01D0082C2}.Debug|Any CPU.Build.0 = Debug|Any CPU
		{BA57EC87-C960-4D27-9A9B-CAD01D0082C2}.Release|Any CPU.ActiveCfg = Release|Any CPU
		{BA57EC87-C960-4D27-9A9B-CAD01D0082C2}.Release|Any CPU.Build.0 = Release|Any CPU
		{338158B4-8269-4686-BF11-967DFA791853}.Debug|Any CPU.ActiveCfg = Debug|Any CPU
		{338158B4-8269-4686-BF11-967DFA791853}.Debug|Any CPU.Build.0 = Debug|Any CPU
		{338158B4-8269-4686-BF11-967DFA791853}.Release|Any CPU.ActiveCfg = Release|Any CPU
		{338158B4-8269-4686-BF11-967DFA791853}.Release|Any CPU.Build.0 = Release|Any CPU
	EndGlobalSection
EndGlobal
